// !$*UTF8*$!
{
	archiveVersion = 1;
	classes = {
	};
	objectVersion = 56;
	objects = {

/* Begin PBXBuildFile section */
		80030F6C297FB4570006012A /* swift_OptionalChaining.swift in Sources */ = {isa = PBXBuildFile; fileRef = 80030F6B297FB4570006012A /* swift_OptionalChaining.swift */; };
/* End PBXBuildFile section */

/* Begin PBXCopyFilesBuildPhase section */
		80F1DBF6296AA886002561B8 /* CopyFiles */ = {
			isa = PBXCopyFilesBuildPhase;
			buildActionMask = 2147483647;
			dstPath = /usr/share/man/man1/;
			dstSubfolderSpec = 0;
			files = (
			);
			runOnlyForDeploymentPostprocessing = 1;
		};
/* End PBXCopyFilesBuildPhase section */

/* Begin PBXFileReference section */
		80030F6B297FB4570006012A /* swift_OptionalChaining.swift */ = {isa = PBXFileReference; lastKnownFileType = sourcecode.swift; path = swift_OptionalChaining.swift; sourceTree = "<group>"; };
		800F5BE02973A8AB00300C0E /* swift_Classes&Structures.swift */ = {isa = PBXFileReference; lastKnownFileType = sourcecode.swift; path = "swift_Classes&Structures.swift"; sourceTree = "<group>"; };
		8024831A2976509D002FA93C /* swift_Methods.swift */ = {isa = PBXFileReference; lastKnownFileType = sourcecode.swift; path = swift_Methods.swift; sourceTree = "<group>"; };
		802483412977ADA6002FA93C /* swift_Subscripts.swift */ = {isa = PBXFileReference; lastKnownFileType = sourcecode.swift; path = swift_Subscripts.swift; sourceTree = "<group>"; };
		806303712970249200FF4925 /* swift_Closures.swift */ = {isa = PBXFileReference; lastKnownFileType = sourcecode.swift; path = swift_Closures.swift; sourceTree = "<group>"; };
		8068EC33296D12AF00E758E2 /* swift_ControlFlow.swift */ = {isa = PBXFileReference; lastKnownFileType = sourcecode.swift; path = swift_ControlFlow.swift; sourceTree = "<group>"; };
		80CC21E6297B91A200A3D1D1 /* swift_Deinitialization.swift */ = {isa = PBXFileReference; lastKnownFileType = sourcecode.swift; path = swift_Deinitialization.swift; sourceTree = "<group>"; };
		80CF11692975382B00A9E22A /* swift_Properties.swift */ = {isa = PBXFileReference; lastKnownFileType = sourcecode.swift; path = swift_Properties.swift; sourceTree = "<group>"; };
		80CFFFF9296E815A00D09077 /* swift_Functions.swift */ = {isa = PBXFileReference; lastKnownFileType = sourcecode.swift; path = swift_Functions.swift; sourceTree = "<group>"; };
		80D8B1BD2978E9F6002AD059 /* swift_Inheritance.swift */ = {isa = PBXFileReference; lastKnownFileType = sourcecode.swift; path = swift_Inheritance.swift; sourceTree = "<group>"; };
		80D8B1C8297A2E6B002AD059 /* swift_Initialization.swift */ = {isa = PBXFileReference; lastKnownFileType = sourcecode.swift; path = swift_Initialization.swift; sourceTree = "<group>"; };
		80F1DBF8296AA886002561B8 /* swift_Language */ = {isa = PBXFileReference; explicitFileType = "compiled.mach-o.executable"; includeInIndex = 0; path = swift_Language; sourceTree = BUILT_PRODUCTS_DIR; };
		80F1DBFB296AA886002561B8 /* swift_CollectionTypes.swift */ = {isa = PBXFileReference; lastKnownFileType = sourcecode.swift; path = swift_CollectionTypes.swift; sourceTree = "<group>"; };
		80F40700296B9F0300117E56 /* swift_Strings&Characters.swift */ = {isa = PBXFileReference; fileEncoding = 4; lastKnownFileType = sourcecode.swift; path = "swift_Strings&Characters.swift"; sourceTree = "<group>"; };
		80F40701296B9F0300117E56 /* swift_BasicOperation.swift */ = {isa = PBXFileReference; fileEncoding = 4; lastKnownFileType = sourcecode.swift; path = swift_BasicOperation.swift; sourceTree = "<group>"; };
		80F46A292972ADB20047E544 /* swift_Enumerations.swift */ = {isa = PBXFileReference; lastKnownFileType = sourcecode.swift; path = swift_Enumerations.swift; sourceTree = "<group>"; };
/* End PBXFileReference section */

/* Begin PBXFrameworksBuildPhase section */
		80F1DBF5296AA886002561B8 /* Frameworks */ = {
			isa = PBXFrameworksBuildPhase;
			buildActionMask = 2147483647;
			files = (
			);
			runOnlyForDeploymentPostprocessing = 0;
		};
/* End PBXFrameworksBuildPhase section */

/* Begin PBXGroup section */
		80F1DBEF296AA886002561B8 = {
			isa = PBXGroup;
			children = (
				80F1DBFA296AA886002561B8 /* swift_Language */,
				80F1DBF9296AA886002561B8 /* Products */,
			);
			sourceTree = "<group>";
		};
		80F1DBF9296AA886002561B8 /* Products */ = {
			isa = PBXGroup;
			children = (
				80F1DBF8296AA886002561B8 /* swift_Language */,
			);
			name = Products;
			sourceTree = "<group>";
		};
		80F1DBFA296AA886002561B8 /* swift_Language */ = {
			isa = PBXGroup;
			children = (
				80F40701296B9F0300117E56 /* swift_BasicOperation.swift */,
				80F40700296B9F0300117E56 /* swift_Strings&Characters.swift */,
				80F1DBFB296AA886002561B8 /* swift_CollectionTypes.swift */,
				8068EC33296D12AF00E758E2 /* swift_ControlFlow.swift */,
				80CFFFF9296E815A00D09077 /* swift_Functions.swift */,
				806303712970249200FF4925 /* swift_Closures.swift */,
				80F46A292972ADB20047E544 /* swift_Enumerations.swift */,
				800F5BE02973A8AB00300C0E /* swift_Classes&Structures.swift */,
				80CF11692975382B00A9E22A /* swift_Properties.swift */,
				8024831A2976509D002FA93C /* swift_Methods.swift */,
				802483412977ADA6002FA93C /* swift_Subscripts.swift */,
				80D8B1BD2978E9F6002AD059 /* swift_Inheritance.swift */,
				80D8B1C8297A2E6B002AD059 /* swift_Initialization.swift */,
				80CC21E6297B91A200A3D1D1 /* swift_Deinitialization.swift */,
				80030F6B297FB4570006012A /* swift_OptionalChaining.swift */,
			);
			path = swift_Language;
			sourceTree = "<group>";
		};
/* End PBXGroup section */

/* Begin PBXNativeTarget section */
		80F1DBF7296AA886002561B8 /* swift_Language */ = {
			isa = PBXNativeTarget;
			buildConfigurationList = 80F1DBFF296AA886002561B8 /* Build configuration list for PBXNativeTarget "swift_Language" */;
			buildPhases = (
				80F1DBF4296AA886002561B8 /* Sources */,
				80F1DBF5296AA886002561B8 /* Frameworks */,
				80F1DBF6296AA886002561B8 /* CopyFiles */,
			);
			buildRules = (
			);
			dependencies = (
			);
			name = swift_Language;
			productName = swift_Language;
			productReference = 80F1DBF8296AA886002561B8 /* swift_Language */;
			productType = "com.apple.product-type.tool";
		};
/* End PBXNativeTarget section */

/* Begin PBXProject section */
		80F1DBF0296AA886002561B8 /* Project object */ = {
			isa = PBXProject;
			attributes = {
				BuildIndependentTargetsInParallel = 1;
				LastSwiftUpdateCheck = 1420;
				LastUpgradeCheck = 1420;
				TargetAttributes = {
					80F1DBF7296AA886002561B8 = {
						CreatedOnToolsVersion = 14.2;
						LastSwiftMigration = 1420;
					};
				};
			};
			buildConfigurationList = 80F1DBF3296AA886002561B8 /* Build configuration list for PBXProject "swift_Language" */;
			compatibilityVersion = "Xcode 14.0";
			developmentRegion = en;
			hasScannedForEncodings = 0;
			knownRegions = (
				en,
				Base,
			);
			mainGroup = 80F1DBEF296AA886002561B8;
			productRefGroup = 80F1DBF9296AA886002561B8 /* Products */;
			projectDirPath = "";
			projectRoot = "";
			targets = (
				80F1DBF7296AA886002561B8 /* swift_Language */,
			);
		};
/* End PBXProject section */

/* Begin PBXSourcesBuildPhase section */
		80F1DBF4296AA886002561B8 /* Sources */ = {
			isa = PBXSourcesBuildPhase;
			buildActionMask = 2147483647;
			files = (
				80030F6C297FB4570006012A /* swift_OptionalChaining.swift in Sources */,
			);
			runOnlyForDeploymentPostprocessing = 0;
		};
/* End PBXSourcesBuildPhase section */

/* Begin XCBuildConfiguration section */
		80F1DBFD296AA886002561B8 /* Debug */ = {
			isa = XCBuildConfiguration;
			buildSettings = {
				ALWAYS_SEARCH_USER_PATHS = NO;
				CLANG_ANALYZER_NONNULL = YES;
				CLANG_ANALYZER_NUMBER_OBJECT_CONVERSION = YES_AGGRESSIVE;
				CLANG_CXX_LANGUAGE_STANDARD = "gnu++20";
				CLANG_ENABLE_MODULES = YES;
				CLANG_ENABLE_OBJC_ARC = YES;
				CLANG_ENABLE_OBJC_WEAK = YES;
				CLANG_WARN_BLOCK_CAPTURE_AUTORELEASING = YES;
				CLANG_WARN_BOOL_CONVERSION = YES;
				CLANG_WARN_COMMA = YES;
				CLANG_WARN_CONSTANT_CONVERSION = YES;
				CLANG_WARN_DEPRECATED_OBJC_IMPLEMENTATIONS = YES;
				CLANG_WARN_DIRECT_OBJC_ISA_USAGE = YES_ERROR;
				CLANG_WARN_DOCUMENTATION_COMMENTS = YES;
				CLANG_WARN_EMPTY_BODY = YES;
				CLANG_WARN_ENUM_CONVERSION = YES;
				CLANG_WARN_INFINITE_RECURSION = YES;
				CLANG_WARN_INT_CONVERSION = YES;
				CLANG_WARN_NON_LITERAL_NULL_CONVERSION = YES;
				CLANG_WARN_OBJC_IMPLICIT_RETAIN_SELF = YES;
				CLANG_WARN_OBJC_LITERAL_CONVERSION = YES;
				CLANG_WARN_OBJC_ROOT_CLASS = YES_ERROR;
				CLANG_WARN_QUOTED_INCLUDE_IN_FRAMEWORK_HEADER = YES;
				CLANG_WARN_RANGE_LOOP_ANALYSIS = YES;
				CLANG_WARN_STRICT_PROTOTYPES = YES;
				CLANG_WARN_SUSPICIOUS_MOVE = YES;
				CLANG_WARN_UNGUARDED_AVAILABILITY = YES_AGGRESSIVE;
				CLANG_WARN_UNREACHABLE_CODE = YES;
				CLANG_WARN__DUPLICATE_METHOD_MATCH = YES;
				COPY_PHASE_STRIP = NO;
				DEBUG_INFORMATION_FORMAT = dwarf;
				ENABLE_STRICT_OBJC_MSGSEND = YES;
				ENABLE_TESTABILITY = YES;
				GCC_C_LANGUAGE_STANDARD = gnu11;
				GCC_DYNAMIC_NO_PIC = NO;
				GCC_NO_COMMON_BLOCKS = YES;
				GCC_OPTIMIZATION_LEVEL = 0;
				GCC_PREPROCESSOR_DEFINITIONS = (
					"DEBUG=1",
					"$(inherited)",
				);
				GCC_WARN_64_TO_32_BIT_CONVERSION = YES;
				GCC_WARN_ABOUT_RETURN_TYPE = YES_ERROR;
				GCC_WARN_UNDECLARED_SELECTOR = YES;
				GCC_WARN_UNINITIALIZED_AUTOS = YES_AGGRESSIVE;
				GCC_WARN_UNUSED_FUNCTION = YES;
				GCC_WARN_UNUSED_VARIABLE = YES;
				MACOSX_DEPLOYMENT_TARGET = 13.0;
				MTL_ENABLE_DEBUG_INFO = INCLUDE_SOURCE;
				MTL_FAST_MATH = YES;
				ONLY_ACTIVE_ARCH = YES;
				SDKROOT = macosx;
				SWIFT_ACTIVE_COMPILATION_CONDITIONS = DEBUG;
				SWIFT_OPTIMIZATION_LEVEL = "-Onone";
			};
			name = Debug;
		};
		80F1DBFE296AA886002561B8 /* Release */ = {
			isa = XCBuildConfiguration;
			buildSettings = {
				ALWAYS_SEARCH_USER_PATHS = NO;
				CLANG_ANALYZER_NONNULL = YES;
				CLANG_ANALYZER_NUMBER_OBJECT_CONVERSION = YES_AGGRESSIVE;
				CLANG_CXX_LANGUAGE_STANDARD = "gnu++20";
				CLANG_ENABLE_MODULES = YES;
				CLANG_ENABLE_OBJC_ARC = YES;
				CLANG_ENABLE_OBJC_WEAK = YES;
				CLANG_WARN_BLOCK_CAPTURE_AUTORELEASING = YES;
				CLANG_WARN_BOOL_CONVERSION = YES;
				CLANG_WARN_COMMA = YES;
				CLANG_WARN_CONSTANT_CONVERSION = YES;
				CLANG_WARN_DEPRECATED_OBJC_IMPLEMENTATIONS = YES;
				CLANG_WARN_DIRECT_OBJC_ISA_USAGE = YES_ERROR;
				CLANG_WARN_DOCUMENTATION_COMMENTS = YES;
				CLANG_WARN_EMPTY_BODY = YES;
				CLANG_WARN_ENUM_CONVERSION = YES;
				CLANG_WARN_INFINITE_RECURSION = YES;
				CLANG_WARN_INT_CONVERSION = YES;
				CLANG_WARN_NON_LITERAL_NULL_CONVERSION = YES;
				CLANG_WARN_OBJC_IMPLICIT_RETAIN_SELF = YES;
				CLANG_WARN_OBJC_LITERAL_CONVERSION = YES;
				CLANG_WARN_OBJC_ROOT_CLASS = YES_ERROR;
				CLANG_WARN_QUOTED_INCLUDE_IN_FRAMEWORK_HEADER = YES;
				CLANG_WARN_RANGE_LOOP_ANALYSIS = YES;
				CLANG_WARN_STRICT_PROTOTYPES = YES;
				CLANG_WARN_SUSPICIOUS_MOVE = YES;
				CLANG_WARN_UNGUARDED_AVAILABILITY = YES_AGGRESSIVE;
				CLANG_WARN_UNREACHABLE_CODE = YES;
				CLANG_WARN__DUPLICATE_METHOD_MATCH = YES;
				COPY_PHASE_STRIP = NO;
				DEBUG_INFORMATION_FORMAT = "dwarf-with-dsym";
				ENABLE_NS_ASSERTIONS = NO;
				ENABLE_STRICT_OBJC_MSGSEND = YES;
				GCC_C_LANGUAGE_STANDARD = gnu11;
				GCC_NO_COMMON_BLOCKS = YES;
				GCC_WARN_64_TO_32_BIT_CONVERSION = YES;
				GCC_WARN_ABOUT_RETURN_TYPE = YES_ERROR;
				GCC_WARN_UNDECLARED_SELECTOR = YES;
				GCC_WARN_UNINITIALIZED_AUTOS = YES_AGGRESSIVE;
				GCC_WARN_UNUSED_FUNCTION = YES;
				GCC_WARN_UNUSED_VARIABLE = YES;
				MACOSX_DEPLOYMENT_TARGET = 13.0;
				MTL_ENABLE_DEBUG_INFO = NO;
				MTL_FAST_MATH = YES;
				SDKROOT = macosx;
				SWIFT_COMPILATION_MODE = wholemodule;
				SWIFT_OPTIMIZATION_LEVEL = "-O";
			};
			name = Release;
		};
		80F1DC00296AA886002561B8 /* Debug */ = {
			isa = XCBuildConfiguration;
			buildSettings = {
				CLANG_ENABLE_MODULES = YES;
				CODE_SIGN_STYLE = Automatic;
				DEVELOPMENT_TEAM = 8A6XY8WY2J;
				ENABLE_HARDENED_RUNTIME = YES;
				LD_RUNPATH_SEARCH_PATHS = (
					"$(inherited)",
					"@executable_path/../Frameworks",
					"@loader_path/../Frameworks",
				);
				PRODUCT_NAME = "$(TARGET_NAME)";
				SWIFT_OPTIMIZATION_LEVEL = "-Onone";
				SWIFT_VERSION = 5.0;
			};
			name = Debug;
		};
		80F1DC01296AA886002561B8 /* Release */ = {
			isa = XCBuildConfiguration;
			buildSettings = {
				CLANG_ENABLE_MODULES = YES;
				CODE_SIGN_STYLE = Automatic;
				DEVELOPMENT_TEAM = 8A6XY8WY2J;
				ENABLE_HARDENED_RUNTIME = YES;
				LD_RUNPATH_SEARCH_PATHS = (
					"$(inherited)",
					"@executable_path/../Frameworks",
					"@loader_path/../Frameworks",
				);
				PRODUCT_NAME = "$(TARGET_NAME)";
				SWIFT_VERSION = 5.0;
			};
			name = Release;
		};
/* End XCBuildConfiguration section */

/* Begin XCConfigurationList section */
		80F1DBF3296AA886002561B8 /* Build configuration list for PBXProject "swift_Language" */ = {
			isa = XCConfigurationList;
			buildConfigurations = (
				80F1DBFD296AA886002561B8 /* Debug */,
				80F1DBFE296AA886002561B8 /* Release */,
			);
			defaultConfigurationIsVisible = 0;
			defaultConfigurationName = Release;
		};
		80F1DBFF296AA886002561B8 /* Build configuration list for PBXNativeTarget "swift_Language" */ = {
			isa = XCConfigurationList;
			buildConfigurations = (
				80F1DC00296AA886002561B8 /* Debug */,
				80F1DC01296AA886002561B8 /* Release */,
			);
			defaultConfigurationIsVisible = 0;
			defaultConfigurationName = Release;
		};
/* End XCConfigurationList section */
	};
	rootObject = 80F1DBF0296AA886002561B8 /* Project object */;
}
